// !$*UTF8*$!
{
	archiveVersion = 1;
	classes = {
	};
	objectVersion = 48;
	objects = {

/* Begin PBXBuildFile section */
		91424FF0204DD18A0070AE7E /* MemoriesCollectionViewController.swift in Sources */ = {isa = PBXBuildFile; fileRef = 91424FEF204DD18A0070AE7E /* MemoriesCollectionViewController.swift */; };
		91424FF2204DD21A0070AE7E /* MemoryCell.swift in Sources */ = {isa = PBXBuildFile; fileRef = 91424FF1204DD21A0070AE7E /* MemoryCell.swift */; };
		9178EA96203DF343008CF2D4 /* AppDelegate.swift in Sources */ = {isa = PBXBuildFile; fileRef = 9178EA95203DF343008CF2D4 /* AppDelegate.swift */; };
		9178EA98203DF343008CF2D4 /* ViewController.swift in Sources */ = {isa = PBXBuildFile; fileRef = 9178EA97203DF343008CF2D4 /* ViewController.swift */; };
		9178EA9B203DF343008CF2D4 /* Main.storyboard in Resources */ = {isa = PBXBuildFile; fileRef = 9178EA99203DF343008CF2D4 /* Main.storyboard */; };
		9178EA9D203DF343008CF2D4 /* Assets.xcassets in Resources */ = {isa = PBXBuildFile; fileRef = 9178EA9C203DF343008CF2D4 /* Assets.xcassets */; };
		9178EAA0203DF343008CF2D4 /* LaunchScreen.storyboard in Resources */ = {isa = PBXBuildFile; fileRef = 9178EA9E203DF343008CF2D4 /* LaunchScreen.storyboard */; };
		9178EAAB203DF343008CF2D4 /* The_glorys_daysTests.swift in Sources */ = {isa = PBXBuildFile; fileRef = 9178EAAA203DF343008CF2D4 /* The_glorys_daysTests.swift */; };
		9178EAB6203DF343008CF2D4 /* The_glorys_daysUITests.swift in Sources */ = {isa = PBXBuildFile; fileRef = 9178EAB5203DF343008CF2D4 /* The_glorys_daysUITests.swift */; };
/* End PBXBuildFile section */

/* Begin PBXContainerItemProxy section */
		9178EAA7203DF343008CF2D4 /* PBXContainerItemProxy */ = {
			isa = PBXContainerItemProxy;
			containerPortal = 9178EA8A203DF343008CF2D4 /* Project object */;
			proxyType = 1;
			remoteGlobalIDString = 9178EA91203DF343008CF2D4;
			remoteInfo = "The glorys days";
		};
		9178EAB2203DF343008CF2D4 /* PBXContainerItemProxy */ = {
			isa = PBXContainerItemProxy;
			containerPortal = 9178EA8A203DF343008CF2D4 /* Project object */;
			proxyType = 1;
			remoteGlobalIDString = 9178EA91203DF343008CF2D4;
			remoteInfo = "The glorys days";
		};
/* End PBXContainerItemProxy section */

/* Begin PBXFileReference section */
		91424FEF204DD18A0070AE7E /* MemoriesCollectionViewController.swift */ = {isa = PBXFileReference; lastKnownFileType = sourcecode.swift; path = MemoriesCollectionViewController.swift; sourceTree = "<group>"; };
		91424FF1204DD21A0070AE7E /* MemoryCell.swift */ = {isa = PBXFileReference; lastKnownFileType = sourcecode.swift; path = MemoryCell.swift; sourceTree = "<group>"; };
		9178EA92203DF343008CF2D4 /* The glorys days.app */ = {isa = PBXFileReference; explicitFileType = wrapper.application; includeInIndex = 0; path = "The glorys days.app"; sourceTree = BUILT_PRODUCTS_DIR; };
		9178EA95203DF343008CF2D4 /* AppDelegate.swift */ = {isa = PBXFileReference; lastKnownFileType = sourcecode.swift; path = AppDelegate.swift; sourceTree = "<group>"; };
		9178EA97203DF343008CF2D4 /* ViewController.swift */ = {isa = PBXFileReference; lastKnownFileType = sourcecode.swift; path = ViewController.swift; sourceTree = "<group>"; };
		9178EA9A203DF343008CF2D4 /* Base */ = {isa = PBXFileReference; lastKnownFileType = file.storyboard; name = Base; path = Base.lproj/Main.storyboard; sourceTree = "<group>"; };
		9178EA9C203DF343008CF2D4 /* Assets.xcassets */ = {isa = PBXFileReference; lastKnownFileType = folder.assetcatalog; path = Assets.xcassets; sourceTree = "<group>"; };
		9178EA9F203DF343008CF2D4 /* Base */ = {isa = PBXFileReference; lastKnownFileType = file.storyboard; name = Base; path = Base.lproj/LaunchScreen.storyboard; sourceTree = "<group>"; };
		9178EAA1203DF343008CF2D4 /* Info.plist */ = {isa = PBXFileReference; lastKnownFileType = text.plist.xml; path = Info.plist; sourceTree = "<group>"; };
		9178EAA6203DF343008CF2D4 /* The glorys daysTests.xctest */ = {isa = PBXFileReference; explicitFileType = wrapper.cfbundle; includeInIndex = 0; path = "The glorys daysTests.xctest"; sourceTree = BUILT_PRODUCTS_DIR; };
		9178EAAA203DF343008CF2D4 /* The_glorys_daysTests.swift */ = {isa = PBXFileReference; lastKnownFileType = sourcecode.swift; path = The_glorys_daysTests.swift; sourceTree = "<group>"; };
		9178EAAC203DF343008CF2D4 /* Info.plist */ = {isa = PBXFileReference; lastKnownFileType = text.plist.xml; path = Info.plist; sourceTree = "<group>"; };
		9178EAB1203DF343008CF2D4 /* The glorys daysUITests.xctest */ = {isa = PBXFileReference; explicitFileType = wrapper.cfbundle; includeInIndex = 0; path = "The glorys daysUITests.xctest"; sourceTree = BUILT_PRODUCTS_DIR; };
		9178EAB5203DF343008CF2D4 /* The_glorys_daysUITests.swift */ = {isa = PBXFileReference; lastKnownFileType = sourcecode.swift; path = The_glorys_daysUITests.swift; sourceTree = "<group>"; };
		9178EAB7203DF343008CF2D4 /* Info.plist */ = {isa = PBXFileReference; lastKnownFileType = text.plist.xml; path = Info.plist; sourceTree = "<group>"; };
/* End PBXFileReference section */

/* Begin PBXFrameworksBuildPhase section */
		9178EA8F203DF343008CF2D4 /* Frameworks */ = {
			isa = PBXFrameworksBuildPhase;
			buildActionMask = 2147483647;
			files = (
			);
			runOnlyForDeploymentPostprocessing = 0;
		};
		9178EAA3203DF343008CF2D4 /* Frameworks */ = {
			isa = PBXFrameworksBuildPhase;
			buildActionMask = 2147483647;
			files = (
			);
			runOnlyForDeploymentPostprocessing = 0;
		};
		9178EAAE203DF343008CF2D4 /* Frameworks */ = {
			isa = PBXFrameworksBuildPhase;
			buildActionMask = 2147483647;
			files = (
			);
			runOnlyForDeploymentPostprocessing = 0;
		};
/* End PBXFrameworksBuildPhase section */

/* Begin PBXGroup section */
		9178EA89203DF343008CF2D4 = {
			isa = PBXGroup;
			children = (
				9178EA94203DF343008CF2D4 /* The glorys days */,
				9178EAA9203DF343008CF2D4 /* The glorys daysTests */,
				9178EAB4203DF343008CF2D4 /* The glorys daysUITests */,
				9178EA93203DF343008CF2D4 /* Products */,
			);
			sourceTree = "<group>";
		};
		9178EA93203DF343008CF2D4 /* Products */ = {
			isa = PBXGroup;
			children = (
				9178EA92203DF343008CF2D4 /* The glorys days.app */,
				9178EAA6203DF343008CF2D4 /* The glorys daysTests.xctest */,
				9178EAB1203DF343008CF2D4 /* The glorys daysUITests.xctest */,
			);
			name = Products;
			sourceTree = "<group>";
		};
		9178EA94203DF343008CF2D4 /* The glorys days */ = {
			isa = PBXGroup;
			children = (
				91424FEF204DD18A0070AE7E /* MemoriesCollectionViewController.swift */,
				9178EA95203DF343008CF2D4 /* AppDelegate.swift */,
				9178EA97203DF343008CF2D4 /* ViewController.swift */,
				9178EA99203DF343008CF2D4 /* Main.storyboard */,
				9178EA9C203DF343008CF2D4 /* Assets.xcassets */,
				9178EA9E203DF343008CF2D4 /* LaunchScreen.storyboard */,
				9178EAA1203DF343008CF2D4 /* Info.plist */,
				91424FF1204DD21A0070AE7E /* MemoryCell.swift */,
			);
			path = "The glorys days";
			sourceTree = "<group>";
		};
		9178EAA9203DF343008CF2D4 /* The glorys daysTests */ = {
			isa = PBXGroup;
			children = (
				9178EAAA203DF343008CF2D4 /* The_glorys_daysTests.swift */,
				9178EAAC203DF343008CF2D4 /* Info.plist */,
			);
			path = "The glorys daysTests";
			sourceTree = "<group>";
		};
		9178EAB4203DF343008CF2D4 /* The glorys daysUITests */ = {
			isa = PBXGroup;
			children = (
				9178EAB5203DF343008CF2D4 /* The_glorys_daysUITests.swift */,
				9178EAB7203DF343008CF2D4 /* Info.plist */,
			);
			path = "The glorys daysUITests";
			sourceTree = "<group>";
		};
/* End PBXGroup section */

/* Begin PBXNativeTarget section */
		9178EA91203DF343008CF2D4 /* The glorys days */ = {
			isa = PBXNativeTarget;
			buildConfigurationList = 9178EABA203DF343008CF2D4 /* Build configuration list for PBXNativeTarget "The glorys days" */;
			buildPhases = (
				9178EA8E203DF343008CF2D4 /* Sources */,
				9178EA8F203DF343008CF2D4 /* Frameworks */,
				9178EA90203DF343008CF2D4 /* Resources */,
			);
			buildRules = (
			);
			dependencies = (
			);
			name = "The glorys days";
			productName = "The glorys days";
			productReference = 9178EA92203DF343008CF2D4 /* The glorys days.app */;
			productType = "com.apple.product-type.application";
		};
		9178EAA5203DF343008CF2D4 /* The glorys daysTests */ = {
			isa = PBXNativeTarget;
			buildConfigurationList = 9178EABD203DF343008CF2D4 /* Build configuration list for PBXNativeTarget "The glorys daysTests" */;
			buildPhases = (
				9178EAA2203DF343008CF2D4 /* Sources */,
				9178EAA3203DF343008CF2D4 /* Frameworks */,
				9178EAA4203DF343008CF2D4 /* Resources */,
			);
			buildRules = (
			);
			dependencies = (
				9178EAA8203DF343008CF2D4 /* PBXTargetDependency */,
			);
			name = "The glorys daysTests";
			productName = "The glorys daysTests";
			productReference = 9178EAA6203DF343008CF2D4 /* The glorys daysTests.xctest */;
			productType = "com.apple.product-type.bundle.unit-test";
		};
		9178EAB0203DF343008CF2D4 /* The glorys daysUITests */ = {
			isa = PBXNativeTarget;
			buildConfigurationList = 9178EAC0203DF343008CF2D4 /* Build configuration list for PBXNativeTarget "The glorys daysUITests" */;
			buildPhases = (
				9178EAAD203DF343008CF2D4 /* Sources */,
				9178EAAE203DF343008CF2D4 /* Frameworks */,
				9178EAAF203DF343008CF2D4 /* Resources */,
			);
			buildRules = (
			);
			dependencies = (
				9178EAB3203DF343008CF2D4 /* PBXTargetDependency */,
			);
			name = "The glorys daysUITests";
			productName = "The glorys daysUITests";
			productReference = 9178EAB1203DF343008CF2D4 /* The glorys daysUITests.xctest */;
			productType = "com.apple.product-type.bundle.ui-testing";
		};
/* End PBXNativeTarget section */

/* Begin PBXProject section */
		9178EA8A203DF343008CF2D4 /* Project object */ = {
			isa = PBXProject;
			attributes = {
				LastSwiftUpdateCheck = 0920;
				LastUpgradeCheck = 0920;
				ORGANIZATIONNAME = "Marcos Navarro Pérez";
				TargetAttributes = {
					9178EA91203DF343008CF2D4 = {
						CreatedOnToolsVersion = 9.2;
						ProvisioningStyle = Automatic;
					};
					9178EAA5203DF343008CF2D4 = {
						CreatedOnToolsVersion = 9.2;
						ProvisioningStyle = Automatic;
						TestTargetID = 9178EA91203DF343008CF2D4;
					};
					9178EAB0203DF343008CF2D4 = {
						CreatedOnToolsVersion = 9.2;
						ProvisioningStyle = Automatic;
						TestTargetID = 9178EA91203DF343008CF2D4;
					};
				};
			};
			buildConfigurationList = 9178EA8D203DF343008CF2D4 /* Build configuration list for PBXProject "The glorys days" */;
			compatibilityVersion = "Xcode 8.0";
			developmentRegion = en;
			hasScannedForEncodings = 0;
			knownRegions = (
				en,
				Base,
			);
			mainGroup = 9178EA89203DF343008CF2D4;
			productRefGroup = 9178EA93203DF343008CF2D4 /* Products */;
			projectDirPath = "";
			projectRoot = "";
			targets = (
				9178EA91203DF343008CF2D4 /* The glorys days */,
				9178EAA5203DF343008CF2D4 /* The glorys daysTests */,
				9178EAB0203DF343008CF2D4 /* The glorys daysUITests */,
			);
		};
/* End PBXProject section */

/* Begin PBXResourcesBuildPhase section */
		9178EA90203DF343008CF2D4 /* Resources */ = {
			isa = PBXResourcesBuildPhase;
			buildActionMask = 2147483647;
			files = (
				9178EAA0203DF343008CF2D4 /* LaunchScreen.storyboard in Resources */,
				9178EA9D203DF343008CF2D4 /* Assets.xcassets in Resources */,
				9178EA9B203DF343008CF2D4 /* Main.storyboard in Resources */,
			);
			runOnlyForDeploymentPostprocessing = 0;
		};
		9178EAA4203DF343008CF2D4 /* Resources */ = {
			isa = PBXResourcesBuildPhase;
			buildActionMask = 2147483647;
			files = (
			);
			runOnlyForDeploymentPostprocessing = 0;
		};
		9178EAAF203DF343008CF2D4 /* Resources */ = {
			isa = PBXResourcesBuildPhase;
			buildActionMask = 2147483647;
			files = (
			);
			runOnlyForDeploymentPostprocessing = 0;
		};
/* End PBXResourcesBuildPhase section */

/* Begin PBXSourcesBuildPhase section */
		9178EA8E203DF343008CF2D4 /* Sources */ = {
			isa = PBXSourcesBuildPhase;
			buildActionMask = 2147483647;
			files = (
				9178EA98203DF343008CF2D4 /* ViewController.swift in Sources */,
				91424FF2204DD21A0070AE7E /* MemoryCell.swift in Sources */,
				9178EA96203DF343008CF2D4 /* AppDelegate.swift in Sources */,
				91424FF0204DD18A0070AE7E /* MemoriesCollectionViewController.swift in Sources */,
			);
			runOnlyForDeploymentPostprocessing = 0;
		};
		9178EAA2203DF343008CF2D4 /* Sources */ = {
			isa = PBXSourcesBuildPhase;
			buildActionMask = 2147483647;
			files = (
				9178EAAB203DF343008CF2D4 /* The_glorys_daysTests.swift in Sources */,
			);
			runOnlyForDeploymentPostprocessing = 0;
		};
		9178EAAD203DF343008CF2D4 /* Sources */ = {
			isa = PBXSourcesBuildPhase;
			buildActionMask = 2147483647;
			files = (
				9178EAB6203DF343008CF2D4 /* The_glorys_daysUITests.swift in Sources */,
			);
			runOnlyForDeploymentPostprocessing = 0;
		};
/* End PBXSourcesBuildPhase section */

/* Begin PBXTargetDependency section */
		9178EAA8203DF343008CF2D4 /* PBXTargetDependency */ = {
			isa = PBXTargetDependency;
			target = 9178EA91203DF343008CF2D4 /* The glorys days */;
			targetProxy = 9178EAA7203DF343008CF2D4 /* PBXContainerItemProxy */;
		};
		9178EAB3203DF343008CF2D4 /* PBXTargetDependency */ = {
			isa = PBXTargetDependency;
			target = 9178EA91203DF343008CF2D4 /* The glorys days */;
			targetProxy = 9178EAB2203DF343008CF2D4 /* PBXContainerItemProxy */;
		};
/* End PBXTargetDependency section */

/* Begin PBXVariantGroup section */
		9178EA99203DF343008CF2D4 /* Main.storyboard */ = {
			isa = PBXVariantGroup;
			children = (
				9178EA9A203DF343008CF2D4 /* Base */,
			);
			name = Main.storyboard;
			sourceTree = "<group>";
		};
		9178EA9E203DF343008CF2D4 /* LaunchScreen.storyboard */ = {
			isa = PBXVariantGroup;
			children = (
				9178EA9F203DF343008CF2D4 /* Base */,
			);
			name = LaunchScreen.storyboard;
			sourceTree = "<group>";
		};
/* End PBXVariantGroup section */

/* Begin XCBuildConfiguration section */
		9178EAB8203DF343008CF2D4 /* Debug */ = {
			isa = XCBuildConfiguration;
			buildSettings = {
				ALWAYS_SEARCH_USER_PATHS = NO;
				CLANG_ANALYZER_NONNULL = YES;
				CLANG_ANALYZER_NUMBER_OBJECT_CONVERSION = YES_AGGRESSIVE;
				CLANG_CXX_LANGUAGE_STANDARD = "gnu++14";
				CLANG_CXX_LIBRARY = "libc++";
				CLANG_ENABLE_MODULES = YES;
				CLANG_ENABLE_OBJC_ARC = YES;
				CLANG_WARN_BLOCK_CAPTURE_AUTORELEASING = YES;
				CLANG_WARN_BOOL_CONVERSION = YES;
				CLANG_WARN_COMMA = YES;
				CLANG_WARN_CONSTANT_CONVERSION = YES;
				CLANG_WARN_DIRECT_OBJC_ISA_USAGE = YES_ERROR;
				CLANG_WARN_DOCUMENTATION_COMMENTS = YES;
				CLANG_WARN_EMPTY_BODY = YES;
				CLANG_WARN_ENUM_CONVERSION = YES;
				CLANG_WARN_INFINITE_RECURSION = YES;
				CLANG_WARN_INT_CONVERSION = YES;
				CLANG_WARN_NON_LITERAL_NULL_CONVERSION = YES;
				CLANG_WARN_OBJC_LITERAL_CONVERSION = YES;
				CLANG_WARN_OBJC_ROOT_CLASS = YES_ERROR;
				CLANG_WARN_RANGE_LOOP_ANALYSIS = YES;
				CLANG_WARN_STRICT_PROTOTYPES = YES;
				CLANG_WARN_SUSPICIOUS_MOVE = YES;
				CLANG_WARN_UNGUARDED_AVAILABILITY = YES_AGGRESSIVE;
				CLANG_WARN_UNREACHABLE_CODE = YES;
				CLANG_WARN__DUPLICATE_METHOD_MATCH = YES;
				CODE_SIGN_IDENTITY = "iPhone Developer";
				COPY_PHASE_STRIP = NO;
				DEBUG_INFORMATION_FORMAT = dwarf;
				ENABLE_STRICT_OBJC_MSGSEND = YES;
				ENABLE_TESTABILITY = YES;
				GCC_C_LANGUAGE_STANDARD = gnu11;
				GCC_DYNAMIC_NO_PIC = NO;
				GCC_NO_COMMON_BLOCKS = YES;
				GCC_OPTIMIZATION_LEVEL = 0;
				GCC_PREPROCESSOR_DEFINITIONS = (
					"DEBUG=1",
					"$(inherited)",
				);
				GCC_WARN_64_TO_32_BIT_CONVERSION = YES;
				GCC_WARN_ABOUT_RETURN_TYPE = YES_ERROR;
				GCC_WARN_UNDECLARED_SELECTOR = YES;
				GCC_WARN_UNINITIALIZED_AUTOS = YES_AGGRESSIVE;
				GCC_WARN_UNUSED_FUNCTION = YES;
				GCC_WARN_UNUSED_VARIABLE = YES;
				IPHONEOS_DEPLOYMENT_TARGET = 11.2;
				MTL_ENABLE_DEBUG_INFO = YES;
				ONLY_ACTIVE_ARCH = YES;
				SDKROOT = iphoneos;
				SWIFT_ACTIVE_COMPILATION_CONDITIONS = DEBUG;
				SWIFT_OPTIMIZATION_LEVEL = "-Onone";
			};
			name = Debug;
		};
		9178EAB9203DF343008CF2D4 /* Release */ = {
			isa = XCBuildConfiguration;
			buildSettings = {
				ALWAYS_SEARCH_USER_PATHS = NO;
				CLANG_ANALYZER_NONNULL = YES;
				CLANG_ANALYZER_NUMBER_OBJECT_CONVERSION = YES_AGGRESSIVE;
				CLANG_CXX_LANGUAGE_STANDARD = "gnu++14";
				CLANG_CXX_LIBRARY = "libc++";
				CLANG_ENABLE_MODULES = YES;
				CLANG_ENABLE_OBJC_ARC = YES;
				CLANG_WARN_BLOCK_CAPTURE_AUTORELEASING = YES;
				CLANG_WARN_BOOL_CONVERSION = YES;
				CLANG_WARN_COMMA = YES;
				CLANG_WARN_CONSTANT_CONVERSION = YES;
				CLANG_WARN_DIRECT_OBJC_ISA_USAGE = YES_ERROR;
				CLANG_WARN_DOCUMENTATION_COMMENTS = YES;
				CLANG_WARN_EMPTY_BODY = YES;
				CLANG_WARN_ENUM_CONVERSION = YES;
				CLANG_WARN_INFINITE_RECURSION = YES;
				CLANG_WARN_INT_CONVERSION = YES;
				CLANG_WARN_NON_LITERAL_NULL_CONVERSION = YES;
				CLANG_WARN_OBJC_LITERAL_CONVERSION = YES;
				CLANG_WARN_OBJC_ROOT_CLASS = YES_ERROR;
				CLANG_WARN_RANGE_LOOP_ANALYSIS = YES;
				CLANG_WARN_STRICT_PROTOTYPES = YES;
				CLANG_WARN_SUSPICIOUS_MOVE = YES;
				CLANG_WARN_UNGUARDED_AVAILABILITY = YES_AGGRESSIVE;
				CLANG_WARN_UNREACHABLE_CODE = YES;
				CLANG_WARN__DUPLICATE_METHOD_MATCH = YES;
				CODE_SIGN_IDENTITY = "iPhone Developer";
				COPY_PHASE_STRIP = NO;
				DEBUG_INFORMATION_FORMAT = "dwarf-with-dsym";
				ENABLE_NS_ASSERTIONS = NO;
				ENABLE_STRICT_OBJC_MSGSEND = YES;
				GCC_C_LANGUAGE_STANDARD = gnu11;
				GCC_NO_COMMON_BLOCKS = YES;
				GCC_WARN_64_TO_32_BIT_CONVERSION = YES;
				GCC_WARN_ABOUT_RETURN_TYPE = YES_ERROR;
				GCC_WARN_UNDECLARED_SELECTOR = YES;
				GCC_WARN_UNINITIALIZED_AUTOS = YES_AGGRESSIVE;
				GCC_WARN_UNUSED_FUNCTION = YES;
				GCC_WARN_UNUSED_VARIABLE = YES;
				IPHONEOS_DEPLOYMENT_TARGET = 11.2;
				MTL_ENABLE_DEBUG_INFO = NO;
				SDKROOT = iphoneos;
				SWIFT_OPTIMIZATION_LEVEL = "-Owholemodule";
				VALIDATE_PRODUCT = YES;
			};
			name = Release;
		};
		9178EABB203DF343008CF2D4 /* Debug */ = {
			isa = XCBuildConfiguration;
			buildSettings = {
				ASSETCATALOG_COMPILER_APPICON_NAME = AppIcon;
				CODE_SIGN_STYLE = Automatic;
				INFOPLIST_FILE = "The glorys days/Info.plist";
				LD_RUNPATH_SEARCH_PATHS = "$(inherited) @executable_path/Frameworks";
				PRODUCT_BUNDLE_IDENTIFIER = "net.marcosnavarro.The-glorys-days";
				PRODUCT_NAME = "$(TARGET_NAME)";
				SWIFT_VERSION = 4.0;
				TARGETED_DEVICE_FAMILY = "1,2";
			};
			name = Debug;
		};
		9178EABC203DF343008CF2D4 /* Release */ = {
			isa = XCBuildConfiguration;
			buildSettings = {
				ASSETCATALOG_COMPILER_APPICON_NAME = AppIcon;
				CODE_SIGN_STYLE = Automatic;
				INFOPLIST_FILE = "The glorys days/Info.plist";
				LD_RUNPATH_SEARCH_PATHS = "$(inherited) @executable_path/Frameworks";
				PRODUCT_BUNDLE_IDENTIFIER = "net.marcosnavarro.The-glorys-days";
				PRODUCT_NAME = "$(TARGET_NAME)";
				SWIFT_VERSION = 4.0;
				TARGETED_DEVICE_FAMILY = "1,2";
			};
			name = Release;
		};
		9178EABE203DF343008CF2D4 /* Debug */ = {
			isa = XCBuildConfiguration;
			buildSettings = {
				ALWAYS_EMBED_SWIFT_STANDARD_LIBRARIES = YES;
				BUNDLE_LOADER = "$(TEST_HOST)";
				CODE_SIGN_STYLE = Automatic;
				INFOPLIST_FILE = "The glorys daysTests/Info.plist";
				LD_RUNPATH_SEARCH_PATHS = "$(inherited) @executable_path/Frameworks @loader_path/Frameworks";
				PRODUCT_BUNDLE_IDENTIFIER = "net.marcosnavarro.The-glorys-daysTests";
				PRODUCT_NAME = "$(TARGET_NAME)";
				SWIFT_VERSION = 4.0;
				TARGETED_DEVICE_FAMILY = "1,2";
				TEST_HOST = "$(BUILT_PRODUCTS_DIR)/The glorys days.app/The glorys days";
			};
			name = Debug;
		};
		9178EABF203DF343008CF2D4 /* Release */ = {
			isa = XCBuildConfiguration;
			buildSettings = {
				ALWAYS_EMBED_SWIFT_STANDARD_LIBRARIES = YES;
				BUNDLE_LOADER = "$(TEST_HOST)";
				CODE_SIGN_STYLE = Automatic;
				INFOPLIST_FILE = "The glorys daysTests/Info.plist";
				LD_RUNPATH_SEARCH_PATHS = "$(inherited) @executable_path/Frameworks @loader_path/Frameworks";
				PRODUCT_BUNDLE_IDENTIFIER = "net.marcosnavarro.The-glorys-daysTests";
				PRODUCT_NAME = "$(TARGET_NAME)";
				SWIFT_VERSION = 4.0;
				TARGETED_DEVICE_FAMILY = "1,2";
				TEST_HOST = "$(BUILT_PRODUCTS_DIR)/The glorys days.app/The glorys days";
			};
			name = Release;
		};
		9178EAC1203DF343008CF2D4 /* Debug */ = {
			isa = XCBuildConfiguration;
			buildSettings = {
				ALWAYS_EMBED_SWIFT_STANDARD_LIBRARIES = YES;
				CODE_SIGN_STYLE = Automatic;
				INFOPLIST_FILE = "The glorys daysUITests/Info.plist";
				LD_RUNPATH_SEARCH_PATHS = "$(inherited) @executable_path/Frameworks @loader_path/Frameworks";
				PRODUCT_BUNDLE_IDENTIFIER = "net.marcosnavarro.The-glorys-daysUITests";
				PRODUCT_NAME = "$(TARGET_NAME)";
				SWIFT_VERSION = 4.0;
				TARGETED_DEVICE_FAMILY = "1,2";
				TEST_TARGET_NAME = "The glorys days";
			};
			name = Debug;
		};
		9178EAC2203DF343008CF2D4 /* Release */ = {
			isa = XCBuildConfiguration;
			buildSettings = {
				ALWAYS_EMBED_SWIFT_STANDARD_LIBRARIES = YES;
				CODE_SIGN_STYLE = Automatic;
				INFOPLIST_FILE = "The glorys daysUITests/Info.plist";
				LD_RUNPATH_SEARCH_PATHS = "$(inherited) @executable_path/Frameworks @loader_path/Frameworks";
				PRODUCT_BUNDLE_IDENTIFIER = "net.marcosnavarro.The-glorys-daysUITests";
				PRODUCT_NAME = "$(TARGET_NAME)";
				SWIFT_VERSION = 4.0;
				TARGETED_DEVICE_FAMILY = "1,2";
				TEST_TARGET_NAME = "The glorys days";
			};
			name = Release;
		};
/* End XCBuildConfiguration section */

/* Begin XCConfigurationList section */
		9178EA8D203DF343008CF2D4 /* Build configuration list for PBXProject "The glorys days" */ = {
			isa = XCConfigurationList;
			buildConfigurations = (
				9178EAB8203DF343008CF2D4 /* Debug */,
				9178EAB9203DF343008CF2D4 /* Release */,
			);
			defaultConfigurationIsVisible = 0;
			defaultConfigurationName = Release;
		};
		9178EABA203DF343008CF2D4 /* Build configuration list for PBXNativeTarget "The glorys days" */ = {
			isa = XCConfigurationList;
			buildConfigurations = (
				9178EABB203DF343008CF2D4 /* Debug */,
				9178EABC203DF343008CF2D4 /* Release */,
			);
			defaultConfigurationIsVisible = 0;
			defaultConfigurationName = Release;
		};
		9178EABD203DF343008CF2D4 /* Build configuration list for PBXNativeTarget "The glorys daysTests" */ = {
			isa = XCConfigurationList;
			buildConfigurations = (
				9178EABE203DF343008CF2D4 /* Debug */,
				9178EABF203DF343008CF2D4 /* Release */,
			);
			defaultConfigurationIsVisible = 0;
			defaultConfigurationName = Release;
		};
		9178EAC0203DF343008CF2D4 /* Build configuration list for PBXNativeTarget "The glorys daysUITests" */ = {
			isa = XCConfigurationList;
			buildConfigurations = (
				9178EAC1203DF343008CF2D4 /* Debug */,
				9178EAC2203DF343008CF2D4 /* Release */,
			);
			defaultConfigurationIsVisible = 0;
			defaultConfigurationName = Release;
		};
/* End XCConfigurationList section */
	};
	rootObject = 9178EA8A203DF343008CF2D4 /* Project object */;
}
